
Microsoft Visual Studio Solution File, Format Version 12.00
# Visual Studio Version 17
VisualStudioVersion = 17.3.32929.385
MinimumVisualStudioVersion = 10.0.40219.1
Project("{FAE04EC0-301F-11D3-BF4B-00C04F79EFBC}") = "Calculator", "Calculator\Calculator.csproj", "{2CC6A235-5941-486C-A276-D7DE2701C072}"
EndProject
Global
	GlobalSection(SolutionConfigurationPlatforms) = preSolution
		Debug|Any CPU = Debug|Any CPU
		Release|Any CPU = Release|Any CPU
	EndGlobalSection
	GlobalSection(ProjectConfigurationPlatforms) = postSolution
		{2CC6A235-5941-486C-A276-D7DE2701C072}.Debug|Any CPU.ActiveCfg = Debug|Any CPU
		{2CC6A235-5941-486C-A276-D7DE2701C072}.Debug|Any CPU.Build.0 = Debug|Any CPU
		{2CC6A235-5941-486C-A276-D7DE2701C072}.Release|Any CPU.ActiveCfg = Release|Any CPU
		{2CC6A235-5941-486C-A276-D7DE2701C072}.Release|Any CPU.Build.0 = Release|Any CPU
	EndGlobalSection
	GlobalSection(SolutionProperties) = preSolution
		HideSolutionNode = FALSE
	EndGlobalSection
	GlobalSection(ExtensibilityGlobals) = postSolution
		SolutionGuid = {BEABCF1C-116F-407F-875F-82A02C0C95A2}
	EndGlobalSection
EndGlobal
